
Microsoft Visual Studio Solution File, Format Version 12.00
# Visual Studio Version 16
VisualStudioVersion = 16.0.30611.23
MinimumVisualStudioVersion = 10.0.40219.1
Project("{FAE04EC0-301F-11D3-BF4B-00C04F79EFBC}") = "desktopApp", "desktopApp\desktopApp.csproj", "{86C2E5A0-0D44-4730-AC6E-330DF78CC898}"
EndProject
Global
	GlobalSection(SolutionConfigurationPlatforms) = preSolution
		Debug|Any CPU = Debug|Any CPU
		Release|Any CPU = Release|Any CPU
	EndGlobalSection
	GlobalSection(ProjectConfigurationPlatforms) = postSolution
		{86C2E5A0-0D44-4730-AC6E-330DF78CC898}.Debug|Any CPU.ActiveCfg = Debug|Any CPU
		{86C2E5A0-0D44-4730-AC6E-330DF78CC898}.Debug|Any CPU.Build.0 = Debug|Any CPU
		{86C2E5A0-0D44-4730-AC6E-330DF78CC898}.Release|Any CPU.ActiveCfg = Release|Any CPU
		{86C2E5A0-0D44-4730-AC6E-330DF78CC898}.Release|Any CPU.Build.0 = Release|Any CPU
	EndGlobalSection
	GlobalSection(SolutionProperties) = preSolution
		HideSolutionNode = FALSE
	EndGlobalSection
	GlobalSection(ExtensibilityGlobals) = postSolution
		SolutionGuid = {D7599061-6748-45D3-8015-D9FBED54D929}
	EndGlobalSection
EndGlobal
